
Microsoft Visual Studio Solution File, Format Version 12.00
# Visual Studio 15
VisualStudioVersion = 15.0.28307.1300
MinimumVisualStudioVersion = 10.0.40219.1
Project("{FAE04EC0-301F-11D3-BF4B-00C04F79EFBC}") = "StardewValleyExtraSlots", "StardewValleyExtraSlots\StardewValleyExtraSlots.csproj", "{C389D1F5-C921-45F5-B5F5-7C887409FCA3}"
EndProject
Project("{FAE04EC0-301F-11D3-BF4B-00C04F79EFBC}") = "UnitTests", "UnitTests\UnitTests.csproj", "{C30EF548-C2E6-45DC-AF6D-1D715BFEA02A}"
EndProject
Global
	GlobalSection(SolutionConfigurationPlatforms) = preSolution
		Debug|Any CPU = Debug|Any CPU
		Release|Any CPU = Release|Any CPU
	EndGlobalSection
	GlobalSection(ProjectConfigurationPlatforms) = postSolution
		{C389D1F5-C921-45F5-B5F5-7C887409FCA3}.Debug|Any CPU.ActiveCfg = Debug|Any CPU
		{C389D1F5-C921-45F5-B5F5-7C887409FCA3}.Debug|Any CPU.Build.0 = Debug|Any CPU
		{C389D1F5-C921-45F5-B5F5-7C887409FCA3}.Release|Any CPU.ActiveCfg = Release|Any CPU
		{C389D1F5-C921-45F5-B5F5-7C887409FCA3}.Release|Any CPU.Build.0 = Release|Any CPU
		{C30EF548-C2E6-45DC-AF6D-1D715BFEA02A}.Debug|Any CPU.ActiveCfg = Debug|Any CPU
		{C30EF548-C2E6-45DC-AF6D-1D715BFEA02A}.Debug|Any CPU.Build.0 = Debug|Any CPU
		{C30EF548-C2E6-45DC-AF6D-1D715BFEA02A}.Release|Any CPU.ActiveCfg = Release|Any CPU
		{C30EF548-C2E6-45DC-AF6D-1D715BFEA02A}.Release|Any CPU.Build.0 = Release|Any CPU
	EndGlobalSection
	GlobalSection(SolutionProperties) = preSolution
		HideSolutionNode = FALSE
	EndGlobalSection
	GlobalSection(ExtensibilityGlobals) = postSolution
		SolutionGuid = {2DEDD620-7F11-434B-AE07-59A65DD5F013}
	EndGlobalSection
EndGlobal
